
Microsoft Visual Studio Solution File, Format Version 12.00
# Visual Studio 15
VisualStudioVersion = 15.0.27004.2006
MinimumVisualStudioVersion = 10.0.40219.1
Project("{8BC9CEB8-8B4A-11D0-8D11-00A0C91BC942}") = "tsp_agent_1", "tsp_agent_1\tsp_agent_1.vcxproj", "{0DB138D4-8A7A-422F-8859-CAF7E7258CAB}"
EndProject
Project("{8BC9CEB8-8B4A-11D0-8D11-00A0C91BC942}") = "tsp_agent_2", "tsp_agent_2\tsp_agent_2.vcxproj", "{353D93FB-75C3-4503-9FF6-96919D25D0F3}"
EndProject
Project("{8BC9CEB8-8B4A-11D0-8D11-00A0C91BC942}") = "tsp_agent_3", "tsp_agent_3\tsp_agent_3.vcxproj", "{A8B08168-FFB7-40AC-92AC-D449EA95B01B}"
EndProject
Project("{8BC9CEB8-8B4A-11D0-8D11-00A0C91BC942}") = "tsp_agent_4", "tsp_agent_4\tsp_agent_4.vcxproj", "{CD26C5B5-8C3B-425B-9FD1-1F823A41BC7A}"
EndProject
Global
	GlobalSection(SolutionConfigurationPlatforms) = preSolution
		Debug|x64 = Debug|x64
		Debug|x86 = Debug|x86
		Release|x64 = Release|x64
		Release|x86 = Release|x86
	EndGlobalSection
	GlobalSection(ProjectConfigurationPlatforms) = postSolution
		{0DB138D4-8A7A-422F-8859-CAF7E7258CAB}.Debug|x64.ActiveCfg = Debug|x64
		{0DB138D4-8A7A-422F-8859-CAF7E7258CAB}.Debug|x64.Build.0 = Debug|x64
		{0DB138D4-8A7A-422F-8859-CAF7E7258CAB}.Debug|x86.ActiveCfg = Debug|Win32
		{0DB138D4-8A7A-422F-8859-CAF7E7258CAB}.Debug|x86.Build.0 = Debug|Win32
		{0DB138D4-8A7A-422F-8859-CAF7E7258CAB}.Release|x64.ActiveCfg = Release|x64
		{0DB138D4-8A7A-422F-8859-CAF7E7258CAB}.Release|x64.Build.0 = Release|x64
		{0DB138D4-8A7A-422F-8859-CAF7E7258CAB}.Release|x86.ActiveCfg = Release|Win32
		{0DB138D4-8A7A-422F-8859-CAF7E7258CAB}.Release|x86.Build.0 = Release|Win32
		{353D93FB-75C3-4503-9FF6-96919D25D0F3}.Debug|x64.ActiveCfg = Debug|x64
		{353D93FB-75C3-4503-9FF6-96919D25D0F3}.Debug|x64.Build.0 = Debug|x64
		{353D93FB-75C3-4503-9FF6-96919D25D0F3}.Debug|x86.ActiveCfg = Debug|Win32
		{353D93FB-75C3-4503-9FF6-96919D25D0F3}.Debug|x86.Build.0 = Debug|Win32
		{353D93FB-75C3-4503-9FF6-96919D25D0F3}.Release|x64.ActiveCfg = Release|x64
		{353D93FB-75C3-4503-9FF6-96919D25D0F3}.Release|x64.Build.0 = Release|x64
		{353D93FB-75C3-4503-9FF6-96919D25D0F3}.Release|x86.ActiveCfg = Release|Win32
		{353D93FB-75C3-4503-9FF6-96919D25D0F3}.Release|x86.Build.0 = Release|Win32
		{A8B08168-FFB7-40AC-92AC-D449EA95B01B}.Debug|x64.ActiveCfg = Debug|x64
		{A8B08168-FFB7-40AC-92AC-D449EA95B01B}.Debug|x64.Build.0 = Debug|x64
		{A8B08168-FFB7-40AC-92AC-D449EA95B01B}.Debug|x86.ActiveCfg = Debug|Win32
		{A8B08168-FFB7-40AC-92AC-D449EA95B01B}.Debug|x86.Build.0 = Debug|Win32
		{A8B08168-FFB7-40AC-92AC-D449EA95B01B}.Release|x64.ActiveCfg = Release|x64
		{A8B08168-FFB7-40AC-92AC-D449EA95B01B}.Release|x64.Build.0 = Release|x64
		{A8B08168-FFB7-40AC-92AC-D449EA95B01B}.Release|x86.ActiveCfg = Release|Win32
		{A8B08168-FFB7-40AC-92AC-D449EA95B01B}.Release|x86.Build.0 = Release|Win32
		{CD26C5B5-8C3B-425B-9FD1-1F823A41BC7A}.Debug|x64.ActiveCfg = Debug|x64
		{CD26C5B5-8C3B-425B-9FD1-1F823A41BC7A}.Debug|x64.Build.0 = Debug|x64
		{CD26C5B5-8C3B-425B-9FD1-1F823A41BC7A}.Debug|x86.ActiveCfg = Debug|Win32
		{CD26C5B5-8C3B-425B-9FD1-1F823A41BC7A}.Debug|x86.Build.0 = Debug|Win32
		{CD26C5B5-8C3B-425B-9FD1-1F823A41BC7A}.Release|x64.ActiveCfg = Release|x64
		{CD26C5B5-8C3B-425B-9FD1-1F823A41BC7A}.Release|x64.Build.0 = Release|x64
		{CD26C5B5-8C3B-425B-9FD1-1F823A41BC7A}.Release|x86.ActiveCfg = Release|Win32
		{CD26C5B5-8C3B-425B-9FD1-1F823A41BC7A}.Release|x86.Build.0 = Release|Win32
	EndGlobalSection
	GlobalSection(SolutionProperties) = preSolution
		HideSolutionNode = FALSE
	EndGlobalSection
	GlobalSection(ExtensibilityGlobals) = postSolution
		SolutionGuid = {B0B730FC-819C-4F71-9656-0A95D8EA345D}
	EndGlobalSection
EndGlobal
